
Microsoft Visual Studio Solution File, Format Version 12.00
# Visual Studio Version 17
VisualStudioVersion = 17.0.31903.59
MinimumVisualStudioVersion = 10.0.40219.1
Project("{2150E333-8FDC-42A3-9474-1A3956D46DE8}") = "src", "src", "{827E0CD3-B72D-47B6-A68D-7590B98EB39B}"
EndProject
Project("{FAE04EC0-301F-11D3-BF4B-00C04F79EFBC}") = "FaconControlPlane.DataPlane.Contracts", "src\FaconControlPlane.DataPlane.Contracts\FaconControlPlane.DataPlane.Contracts.csproj", "{C83D9A25-E05E-4F0F-BCB2-CEF42D020FAD}"
EndProject
Project("{FAE04EC0-301F-11D3-BF4B-00C04F79EFBC}") = "Audomatick.Desktop", "src\Audomatick.Desktop\Audomatick.Desktop.csproj", "{348F48D9-1078-4707-ABDE-44ED44C0D50F}"
EndProject
Project("{2150E333-8FDC-42A3-9474-1A3956D46DE8}") = "tests", "tests", "{0AB3BF05-4346-4AA6-1389-037BE0695223}"
EndProject
Project("{FAE04EC0-301F-11D3-BF4B-00C04F79EFBC}") = "Audomatick.Desktop.Tests", "tests\Audomatick.Desktop.Tests\Audomatick.Desktop.Tests.csproj", "{DBE16C18-035F-4209-9059-B4B8FE53C0C6}"
EndProject
Global
	GlobalSection(SolutionConfigurationPlatforms) = preSolution
		Debug|Any CPU = Debug|Any CPU
		Debug|x64 = Debug|x64
		Debug|x86 = Debug|x86
		Release|Any CPU = Release|Any CPU
		Release|x64 = Release|x64
		Release|x86 = Release|x86
	EndGlobalSection
	GlobalSection(ProjectConfigurationPlatforms) = postSolution
		{C83D9A25-E05E-4F0F-BCB2-CEF42D020FAD}.Debug|Any CPU.ActiveCfg = Debug|Any CPU
		{C83D9A25-E05E-4F0F-BCB2-CEF42D020FAD}.Debug|Any CPU.Build.0 = Debug|Any CPU
		{C83D9A25-E05E-4F0F-BCB2-CEF42D020FAD}.Debug|x64.ActiveCfg = Debug|Any CPU
		{C83D9A25-E05E-4F0F-BCB2-CEF42D020FAD}.Debug|x64.Build.0 = Debug|Any CPU
		{C83D9A25-E05E-4F0F-BCB2-CEF42D020FAD}.Debug|x86.ActiveCfg = Debug|Any CPU
		{C83D9A25-E05E-4F0F-BCB2-CEF42D020FAD}.Debug|x86.Build.0 = Debug|Any CPU
		{C83D9A25-E05E-4F0F-BCB2-CEF42D020FAD}.Release|Any CPU.ActiveCfg = Release|Any CPU
		{C83D9A25-E05E-4F0F-BCB2-CEF42D020FAD}.Release|Any CPU.Build.0 = Release|Any CPU
		{C83D9A25-E05E-4F0F-BCB2-CEF42D020FAD}.Release|x64.ActiveCfg = Release|Any CPU
		{C83D9A25-E05E-4F0F-BCB2-CEF42D020FAD}.Release|x64.Build.0 = Release|Any CPU
		{C83D9A25-E05E-4F0F-BCB2-CEF42D020FAD}.Release|x86.ActiveCfg = Release|Any CPU
		{C83D9A25-E05E-4F0F-BCB2-CEF42D020FAD}.Release|x86.Build.0 = Release|Any CPU
		{348F48D9-1078-4707-ABDE-44ED44C0D50F}.Debug|Any CPU.ActiveCfg = Debug|Any CPU
		{348F48D9-1078-4707-ABDE-44ED44C0D50F}.Debug|Any CPU.Build.0 = Debug|Any CPU
		{348F48D9-1078-4707-ABDE-44ED44C0D50F}.Debug|x64.ActiveCfg = Debug|Any CPU
		{348F48D9-1078-4707-ABDE-44ED44C0D50F}.Debug|x64.Build.0 = Debug|Any CPU
		{348F48D9-1078-4707-ABDE-44ED44C0D50F}.Debug|x86.ActiveCfg = Debug|Any CPU
		{348F48D9-1078-4707-ABDE-44ED44C0D50F}.Debug|x86.Build.0 = Debug|Any CPU
		{348F48D9-1078-4707-ABDE-44ED44C0D50F}.Release|Any CPU.ActiveCfg = Release|Any CPU
		{348F48D9-1078-4707-ABDE-44ED44C0D50F}.Release|Any CPU.Build.0 = Release|Any CPU
		{348F48D9-1078-4707-ABDE-44ED44C0D50F}.Release|x64.ActiveCfg = Release|Any CPU
		{348F48D9-1078-4707-ABDE-44ED44C0D50F}.Release|x64.Build.0 = Release|Any CPU
		{348F48D9-1078-4707-ABDE-44ED44C0D50F}.Release|x86.ActiveCfg = Release|Any CPU
		{348F48D9-1078-4707-ABDE-44ED44C0D50F}.Release|x86.Build.0 = Release|Any CPU
		{DBE16C18-035F-4209-9059-B4B8FE53C0C6}.Debug|Any CPU.ActiveCfg = Debug|Any CPU
		{DBE16C18-035F-4209-9059-B4B8FE53C0C6}.Debug|Any CPU.Build.0 = Debug|Any CPU
		{DBE16C18-035F-4209-9059-B4B8FE53C0C6}.Debug|x64.ActiveCfg = Debug|Any CPU
		{DBE16C18-035F-4209-9059-B4B8FE53C0C6}.Debug|x64.Build.0 = Debug|Any CPU
		{DBE16C18-035F-4209-9059-B4B8FE53C0C6}.Debug|x86.ActiveCfg = Debug|Any CPU
		{DBE16C18-035F-4209-9059-B4B8FE53C0C6}.Debug|x86.Build.0 = Debug|Any CPU
		{DBE16C18-035F-4209-9059-B4B8FE53C0C6}.Release|Any CPU.ActiveCfg = Release|Any CPU
		{DBE16C18-035F-4209-9059-B4B8FE53C0C6}.Release|Any CPU.Build.0 = Release|Any CPU
		{DBE16C18-035F-4209-9059-B4B8FE53C0C6}.Release|x64.ActiveCfg = Release|Any CPU
		{DBE16C18-035F-4209-9059-B4B8FE53C0C6}.Release|x64.Build.0 = Release|Any CPU
		{DBE16C18-035F-4209-9059-B4B8FE53C0C6}.Release|x86.ActiveCfg = Release|Any CPU
		{DBE16C18-035F-4209-9059-B4B8FE53C0C6}.Release|x86.Build.0 = Release|Any CPU
	EndGlobalSection
	GlobalSection(SolutionProperties) = preSolution
		HideSolutionNode = FALSE
	EndGlobalSection
	GlobalSection(NestedProjects) = preSolution
		{C83D9A25-E05E-4F0F-BCB2-CEF42D020FAD} = {827E0CD3-B72D-47B6-A68D-7590B98EB39B}
		{348F48D9-1078-4707-ABDE-44ED44C0D50F} = {827E0CD3-B72D-47B6-A68D-7590B98EB39B}
		{DBE16C18-035F-4209-9059-B4B8FE53C0C6} = {0AB3BF05-4346-4AA6-1389-037BE0695223}
	EndGlobalSection
EndGlobal
